
Microsoft Visual Studio Solution File, Format Version 12.00
Project("{FAE04EC0-301F-11D3-BF4B-00C04F79EFBC}") = "App", "App\App.csproj", "{10363AD2-0F6A-4068-BF77-2F03B7AF9CFF}"
EndProject
Project("{FAE04EC0-301F-11D3-BF4B-00C04F79EFBC}") = "Tests", "Tests\Tests.csproj", "{A5D40ADD-E032-49B0-B34E-FFE3EFE8F493}"
EndProject
Global
	GlobalSection(SolutionConfigurationPlatforms) = preSolution
		Debug|Any CPU = Debug|Any CPU
		Release|Any CPU = Release|Any CPU
	EndGlobalSection
	GlobalSection(ProjectConfigurationPlatforms) = postSolution
		{10363AD2-0F6A-4068-BF77-2F03B7AF9CFF}.Debug|Any CPU.ActiveCfg = Debug|Any CPU
		{10363AD2-0F6A-4068-BF77-2F03B7AF9CFF}.Debug|Any CPU.Build.0 = Debug|Any CPU
		{10363AD2-0F6A-4068-BF77-2F03B7AF9CFF}.Release|Any CPU.ActiveCfg = Release|Any CPU
		{10363AD2-0F6A-4068-BF77-2F03B7AF9CFF}.Release|Any CPU.Build.0 = Release|Any CPU
		{A5D40ADD-E032-49B0-B34E-FFE3EFE8F493}.Debug|Any CPU.ActiveCfg = Debug|Any CPU
		{A5D40ADD-E032-49B0-B34E-FFE3EFE8F493}.Debug|Any CPU.Build.0 = Debug|Any CPU
		{A5D40ADD-E032-49B0-B34E-FFE3EFE8F493}.Release|Any CPU.ActiveCfg = Release|Any CPU
		{A5D40ADD-E032-49B0-B34E-FFE3EFE8F493}.Release|Any CPU.Build.0 = Release|Any CPU
	EndGlobalSection
EndGlobal
